
Microsoft Visual Studio Solution File, Format Version 12.00
# Visual Studio Version 16
VisualStudioVersion = 16.0.30717.126
MinimumVisualStudioVersion = 10.0.40219.1
Project("{FAE04EC0-301F-11D3-BF4B-00C04F79EFBC}") = "Lab _02", "Lab _02\Lab _02.csproj", "{02613161-C989-4587-A327-9E44528DB8F4}"
EndProject
Global
	GlobalSection(SolutionConfigurationPlatforms) = preSolution
		Debug|Any CPU = Debug|Any CPU
		Release|Any CPU = Release|Any CPU
	EndGlobalSection
	GlobalSection(ProjectConfigurationPlatforms) = postSolution
		{02613161-C989-4587-A327-9E44528DB8F4}.Debug|Any CPU.ActiveCfg = Debug|Any CPU
		{02613161-C989-4587-A327-9E44528DB8F4}.Debug|Any CPU.Build.0 = Debug|Any CPU
		{02613161-C989-4587-A327-9E44528DB8F4}.Release|Any CPU.ActiveCfg = Release|Any CPU
		{02613161-C989-4587-A327-9E44528DB8F4}.Release|Any CPU.Build.0 = Release|Any CPU
	EndGlobalSection
	GlobalSection(SolutionProperties) = preSolution
		HideSolutionNode = FALSE
	EndGlobalSection
	GlobalSection(ExtensibilityGlobals) = postSolution
		SolutionGuid = {E896F6A9-9F2E-436F-9BB5-FDFCD16F40E5}
	EndGlobalSection
EndGlobal
